
Microsoft Visual Studio Solution File, Format Version 12.00
# Visual Studio Version 16
VisualStudioVersion = 16.0.29926.136
MinimumVisualStudioVersion = 10.0.40219.1
Project("{8BC9CEB8-8B4A-11D0-8D11-00A0C91BC942}") = "Hyper8", "Hyper8\Hyper8.vcxproj", "{4617B8FF-A6B5-45A5-BB97-915F1AD69A71}"
EndProject
Global
	GlobalSection(SolutionConfigurationPlatforms) = preSolution
		Debug|x64 = Debug|x64
		Debug|x86 = Debug|x86
		Release|x64 = Release|x64
		Release|x86 = Release|x86
	EndGlobalSection
	GlobalSection(ProjectConfigurationPlatforms) = postSolution
		{4617B8FF-A6B5-45A5-BB97-915F1AD69A71}.Debug|x64.ActiveCfg = Debug|x64
		{4617B8FF-A6B5-45A5-BB97-915F1AD69A71}.Debug|x64.Build.0 = Debug|x64
		{4617B8FF-A6B5-45A5-BB97-915F1AD69A71}.Debug|x86.ActiveCfg = Debug|Win32
		{4617B8FF-A6B5-45A5-BB97-915F1AD69A71}.Debug|x86.Build.0 = Debug|Win32
		{4617B8FF-A6B5-45A5-BB97-915F1AD69A71}.Release|x64.ActiveCfg = Release|x64
		{4617B8FF-A6B5-45A5-BB97-915F1AD69A71}.Release|x64.Build.0 = Release|x64
		{4617B8FF-A6B5-45A5-BB97-915F1AD69A71}.Release|x86.ActiveCfg = Release|Win32
		{4617B8FF-A6B5-45A5-BB97-915F1AD69A71}.Release|x86.Build.0 = Release|Win32
	EndGlobalSection
	GlobalSection(SolutionProperties) = preSolution
		HideSolutionNode = FALSE
	EndGlobalSection
	GlobalSection(ExtensibilityGlobals) = postSolution
		SolutionGuid = {C6AD3FA2-0587-4FB2-9455-62C1F86F3F57}
	EndGlobalSection
EndGlobal
